
Microsoft Visual Studio Solution File, Format Version 12.00
# Visual Studio Version 16
VisualStudioVersion = 16.0.30611.23
MinimumVisualStudioVersion = 10.0.40219.1
Project("{9A19103F-16F7-4668-BE54-9A1E7A4F7556}") = "Domain", "Domain\Domain.csproj", "{0F03E4FD-88D4-4183-B452-D80729BD6B6D}"
EndProject
Project("{9A19103F-16F7-4668-BE54-9A1E7A4F7556}") = "Service", "Service\Service.csproj", "{12455E70-D95B-4742-9586-52AFC33E1B99}"
EndProject
Project("{9A19103F-16F7-4668-BE54-9A1E7A4F7556}") = "4Lab.WebApi", "Api.Rnc\4Lab.WebApi.csproj", "{FE6C59C4-1711-45CB-8E10-61E7BD4483E0}"
EndProject
Project("{9A19103F-16F7-4668-BE54-9A1E7A4F7556}") = "Data.Rnc", "Data.Rnc\Data.Rnc.csproj", "{BEFC5DEC-C99F-42D4-A484-BE0B57FE4994}"
EndProject
Project("{9A19103F-16F7-4668-BE54-9A1E7A4F7556}") = "Util", "Util\Util.csproj", "{9C357678-6D4A-492B-BA3F-39CF9B9620D1}"
EndProject
Project("{2150E333-8FDC-42A3-9474-1A3956D46DE8}") = "Services", "Services", "{AF7C61CA-D57F-4427-9510-8E1DF7F0B164}"
EndProject
Project("{2150E333-8FDC-42A3-9474-1A3956D46DE8}") = "WebApps", "WebApps", "{D7FCCC44-92F7-412F-BCDC-864ABDD0C118}"
EndProject
Project("{2150E333-8FDC-42A3-9474-1A3956D46DE8}") = "Administration", "Administration", "{37EDF0CA-9670-4A9E-8228-E14B48872EED}"
EndProject
Project("{2150E333-8FDC-42A3-9474-1A3956D46DE8}") = "Ocurrences", "Ocurrences", "{DC5C135E-A7C0-485F-82A2-02C2E70F67EE}"
EndProject
Project("{2150E333-8FDC-42A3-9474-1A3956D46DE8}") = "Core", "Core", "{E917BB90-C238-4895-BE04-DE338171A032}"
EndProject
Project("{2150E333-8FDC-42A3-9474-1A3956D46DE8}") = "Infrastructure", "Infrastructure", "{D7C4A7D7-44EE-4D8C-AB2C-C395CFE1D55B}"
EndProject
Project("{2150E333-8FDC-42A3-9474-1A3956D46DE8}") = "CrossCutting", "CrossCutting", "{B0A641BF-E1D0-45DB-B836-D36DF010AE46}"
EndProject
Project("{2150E333-8FDC-42A3-9474-1A3956D46DE8}") = "Monitoring", "Monitoring", "{7CB8F5A8-5578-4CAC-9269-14490696A947}"
EndProject
Project("{FAE04EC0-301F-11D3-BF4B-00C04F79EFBC}") = "4Lab.Administration.Domain", "src\4lab.Administration.Domain\4Lab.Administration.Domain.csproj", "{1B1D1259-D357-4C48-83CD-E78622FA3239}"
EndProject
Project("{FAE04EC0-301F-11D3-BF4B-00C04F79EFBC}") = "4Lab.Administration.Data", "src\4lab.Administration.Data\4Lab.Administration.Data.csproj", "{712FC63C-ED1A-404A-B64A-A9C61391A8EB}"
EndProject
Project("{FAE04EC0-301F-11D3-BF4B-00C04F79EFBC}") = "4Lab.Core", "src\4Lab.Core\4Lab.Core.csproj", "{7C18A206-DD83-4A01-8E66-96449B34CBB4}"
EndProject
Project("{9A19103F-16F7-4668-BE54-9A1E7A4F7556}") = "4Lab.Administration.Application", "src\4lab.Administration.Application\4Lab.Administration.Application.csproj", "{6E1058C9-009A-4E3F-A995-10BB5DA3B429}"
EndProject
Project("{FAE04EC0-301F-11D3-BF4B-00C04F79EFBC}") = "4Lab.CrossCutting", "src\4Lab.CrossCutting\4Lab.CrossCutting.csproj", "{97D41006-5433-4562-80F8-3A508DE11C22}"
EndProject
Project("{FAE04EC0-301F-11D3-BF4B-00C04F79EFBC}") = "4Lab.Infrastructure.Authorization", "src\4Lab.Infrastructure.Authorization\4Lab.Infrastructure.Authorization.csproj", "{1106112E-110C-4996-983D-CA2CC6A54BBA}"
EndProject
Project("{FAE04EC0-301F-11D3-BF4B-00C04F79EFBC}") = "4Lab.Infrastructure.Smtp", "src\4Lab.Infrastructure.Smtp\4Lab.Infrastructure.Smtp.csproj", "{63D3EA84-4163-40B1-BAD9-66F5283A5DC6}"
EndProject
Global
	GlobalSection(SolutionConfigurationPlatforms) = preSolution
		Debug|Any CPU = Debug|Any CPU
		Release|Any CPU = Release|Any CPU
	EndGlobalSection
	GlobalSection(ProjectConfigurationPlatforms) = postSolution
		{0F03E4FD-88D4-4183-B452-D80729BD6B6D}.Debug|Any CPU.ActiveCfg = Debug|Any CPU
		{0F03E4FD-88D4-4183-B452-D80729BD6B6D}.Debug|Any CPU.Build.0 = Debug|Any CPU
		{0F03E4FD-88D4-4183-B452-D80729BD6B6D}.Release|Any CPU.ActiveCfg = Release|Any CPU
		{0F03E4FD-88D4-4183-B452-D80729BD6B6D}.Release|Any CPU.Build.0 = Release|Any CPU
		{12455E70-D95B-4742-9586-52AFC33E1B99}.Debug|Any CPU.ActiveCfg = Debug|Any CPU
		{12455E70-D95B-4742-9586-52AFC33E1B99}.Debug|Any CPU.Build.0 = Debug|Any CPU
		{12455E70-D95B-4742-9586-52AFC33E1B99}.Release|Any CPU.ActiveCfg = Release|Any CPU
		{12455E70-D95B-4742-9586-52AFC33E1B99}.Release|Any CPU.Build.0 = Release|Any CPU
		{FE6C59C4-1711-45CB-8E10-61E7BD4483E0}.Debug|Any CPU.ActiveCfg = Debug|Any CPU
		{FE6C59C4-1711-45CB-8E10-61E7BD4483E0}.Debug|Any CPU.Build.0 = Debug|Any CPU
		{FE6C59C4-1711-45CB-8E10-61E7BD4483E0}.Release|Any CPU.ActiveCfg = Release|Any CPU
		{FE6C59C4-1711-45CB-8E10-61E7BD4483E0}.Release|Any CPU.Build.0 = Release|Any CPU
		{BEFC5DEC-C99F-42D4-A484-BE0B57FE4994}.Debug|Any CPU.ActiveCfg = Debug|Any CPU
		{BEFC5DEC-C99F-42D4-A484-BE0B57FE4994}.Debug|Any CPU.Build.0 = Debug|Any CPU
		{BEFC5DEC-C99F-42D4-A484-BE0B57FE4994}.Release|Any CPU.ActiveCfg = Release|Any CPU
		{BEFC5DEC-C99F-42D4-A484-BE0B57FE4994}.Release|Any CPU.Build.0 = Release|Any CPU
		{9C357678-6D4A-492B-BA3F-39CF9B9620D1}.Debug|Any CPU.ActiveCfg = Debug|Any CPU
		{9C357678-6D4A-492B-BA3F-39CF9B9620D1}.Debug|Any CPU.Build.0 = Debug|Any CPU
		{9C357678-6D4A-492B-BA3F-39CF9B9620D1}.Release|Any CPU.ActiveCfg = Release|Any CPU
		{9C357678-6D4A-492B-BA3F-39CF9B9620D1}.Release|Any CPU.Build.0 = Release|Any CPU
		{1B1D1259-D357-4C48-83CD-E78622FA3239}.Debug|Any CPU.ActiveCfg = Debug|Any CPU
		{1B1D1259-D357-4C48-83CD-E78622FA3239}.Debug|Any CPU.Build.0 = Debug|Any CPU
		{1B1D1259-D357-4C48-83CD-E78622FA3239}.Release|Any CPU.ActiveCfg = Release|Any CPU
		{1B1D1259-D357-4C48-83CD-E78622FA3239}.Release|Any CPU.Build.0 = Release|Any CPU
		{712FC63C-ED1A-404A-B64A-A9C61391A8EB}.Debug|Any CPU.ActiveCfg = Debug|Any CPU
		{712FC63C-ED1A-404A-B64A-A9C61391A8EB}.Debug|Any CPU.Build.0 = Debug|Any CPU
		{712FC63C-ED1A-404A-B64A-A9C61391A8EB}.Release|Any CPU.ActiveCfg = Release|Any CPU
		{712FC63C-ED1A-404A-B64A-A9C61391A8EB}.Release|Any CPU.Build.0 = Release|Any CPU
		{7C18A206-DD83-4A01-8E66-96449B34CBB4}.Debug|Any CPU.ActiveCfg = Debug|Any CPU
		{7C18A206-DD83-4A01-8E66-96449B34CBB4}.Debug|Any CPU.Build.0 = Debug|Any CPU
		{7C18A206-DD83-4A01-8E66-96449B34CBB4}.Release|Any CPU.ActiveCfg = Release|Any CPU
		{7C18A206-DD83-4A01-8E66-96449B34CBB4}.Release|Any CPU.Build.0 = Release|Any CPU
		{6E1058C9-009A-4E3F-A995-10BB5DA3B429}.Debug|Any CPU.ActiveCfg = Debug|Any CPU
		{6E1058C9-009A-4E3F-A995-10BB5DA3B429}.Debug|Any CPU.Build.0 = Debug|Any CPU
		{6E1058C9-009A-4E3F-A995-10BB5DA3B429}.Release|Any CPU.ActiveCfg = Release|Any CPU
		{6E1058C9-009A-4E3F-A995-10BB5DA3B429}.Release|Any CPU.Build.0 = Release|Any CPU
		{97D41006-5433-4562-80F8-3A508DE11C22}.Debug|Any CPU.ActiveCfg = Debug|Any CPU
		{97D41006-5433-4562-80F8-3A508DE11C22}.Debug|Any CPU.Build.0 = Debug|Any CPU
		{97D41006-5433-4562-80F8-3A508DE11C22}.Release|Any CPU.ActiveCfg = Release|Any CPU
		{97D41006-5433-4562-80F8-3A508DE11C22}.Release|Any CPU.Build.0 = Release|Any CPU
		{1106112E-110C-4996-983D-CA2CC6A54BBA}.Debug|Any CPU.ActiveCfg = Debug|Any CPU
		{1106112E-110C-4996-983D-CA2CC6A54BBA}.Debug|Any CPU.Build.0 = Debug|Any CPU
		{1106112E-110C-4996-983D-CA2CC6A54BBA}.Release|Any CPU.ActiveCfg = Release|Any CPU
		{1106112E-110C-4996-983D-CA2CC6A54BBA}.Release|Any CPU.Build.0 = Release|Any CPU
		{63D3EA84-4163-40B1-BAD9-66F5283A5DC6}.Debug|Any CPU.ActiveCfg = Debug|Any CPU
		{63D3EA84-4163-40B1-BAD9-66F5283A5DC6}.Debug|Any CPU.Build.0 = Debug|Any CPU
		{63D3EA84-4163-40B1-BAD9-66F5283A5DC6}.Release|Any CPU.ActiveCfg = Release|Any CPU
		{63D3EA84-4163-40B1-BAD9-66F5283A5DC6}.Release|Any CPU.Build.0 = Release|Any CPU
	EndGlobalSection
	GlobalSection(SolutionProperties) = preSolution
		HideSolutionNode = FALSE
	EndGlobalSection
	GlobalSection(NestedProjects) = preSolution
		{0F03E4FD-88D4-4183-B452-D80729BD6B6D} = {AF7C61CA-D57F-4427-9510-8E1DF7F0B164}
		{12455E70-D95B-4742-9586-52AFC33E1B99} = {AF7C61CA-D57F-4427-9510-8E1DF7F0B164}
		{FE6C59C4-1711-45CB-8E10-61E7BD4483E0} = {D7FCCC44-92F7-412F-BCDC-864ABDD0C118}
		{BEFC5DEC-C99F-42D4-A484-BE0B57FE4994} = {AF7C61CA-D57F-4427-9510-8E1DF7F0B164}
		{9C357678-6D4A-492B-BA3F-39CF9B9620D1} = {AF7C61CA-D57F-4427-9510-8E1DF7F0B164}
		{37EDF0CA-9670-4A9E-8228-E14B48872EED} = {AF7C61CA-D57F-4427-9510-8E1DF7F0B164}
		{DC5C135E-A7C0-485F-82A2-02C2E70F67EE} = {AF7C61CA-D57F-4427-9510-8E1DF7F0B164}
		{E917BB90-C238-4895-BE04-DE338171A032} = {AF7C61CA-D57F-4427-9510-8E1DF7F0B164}
		{D7C4A7D7-44EE-4D8C-AB2C-C395CFE1D55B} = {AF7C61CA-D57F-4427-9510-8E1DF7F0B164}
		{B0A641BF-E1D0-45DB-B836-D36DF010AE46} = {AF7C61CA-D57F-4427-9510-8E1DF7F0B164}
		{7CB8F5A8-5578-4CAC-9269-14490696A947} = {AF7C61CA-D57F-4427-9510-8E1DF7F0B164}
		{1B1D1259-D357-4C48-83CD-E78622FA3239} = {37EDF0CA-9670-4A9E-8228-E14B48872EED}
		{712FC63C-ED1A-404A-B64A-A9C61391A8EB} = {37EDF0CA-9670-4A9E-8228-E14B48872EED}
		{7C18A206-DD83-4A01-8E66-96449B34CBB4} = {E917BB90-C238-4895-BE04-DE338171A032}
		{6E1058C9-009A-4E3F-A995-10BB5DA3B429} = {37EDF0CA-9670-4A9E-8228-E14B48872EED}
		{97D41006-5433-4562-80F8-3A508DE11C22} = {B0A641BF-E1D0-45DB-B836-D36DF010AE46}
		{1106112E-110C-4996-983D-CA2CC6A54BBA} = {D7C4A7D7-44EE-4D8C-AB2C-C395CFE1D55B}
		{63D3EA84-4163-40B1-BAD9-66F5283A5DC6} = {D7C4A7D7-44EE-4D8C-AB2C-C395CFE1D55B}
	EndGlobalSection
	GlobalSection(ExtensibilityGlobals) = postSolution
		SolutionGuid = {5AD169FC-33D8-463D-BEFA-7605375AF9B7}
	EndGlobalSection
EndGlobal
