
Microsoft Visual Studio Solution File, Format Version 12.00
# Visual Studio Version 16
VisualStudioVersion = 16.0.30611.23
MinimumVisualStudioVersion = 10.0.40219.1
Project("{2150E333-8FDC-42A3-9474-1A3956D46DE8}") = "Services", "Services", "{AF7C61CA-D57F-4427-9510-8E1DF7F0B164}"
EndProject
Project("{2150E333-8FDC-42A3-9474-1A3956D46DE8}") = "WebApps", "WebApps", "{D7FCCC44-92F7-412F-BCDC-864ABDD0C118}"
EndProject
Project("{2150E333-8FDC-42A3-9474-1A3956D46DE8}") = "Administration", "Administration", "{37EDF0CA-9670-4A9E-8228-E14B48872EED}"
EndProject
Project("{2150E333-8FDC-42A3-9474-1A3956D46DE8}") = "Occurrences", "Occurrences", "{DC5C135E-A7C0-485F-82A2-02C2E70F67EE}"
EndProject
Project("{2150E333-8FDC-42A3-9474-1A3956D46DE8}") = "Core", "Core", "{E917BB90-C238-4895-BE04-DE338171A032}"
EndProject
Project("{2150E333-8FDC-42A3-9474-1A3956D46DE8}") = "Infrastructure", "Infrastructure", "{D7C4A7D7-44EE-4D8C-AB2C-C395CFE1D55B}"
EndProject
Project("{2150E333-8FDC-42A3-9474-1A3956D46DE8}") = "CrossCutting", "CrossCutting", "{B0A641BF-E1D0-45DB-B836-D36DF010AE46}"
EndProject
Project("{2150E333-8FDC-42A3-9474-1A3956D46DE8}") = "Monitoring", "Monitoring", "{7CB8F5A8-5578-4CAC-9269-14490696A947}"
EndProject
Project("{2150E333-8FDC-42A3-9474-1A3956D46DE8}") = "Archives", "Archives", "{2E9E3066-DEE5-4A16-8980-AFB9635B261B}"
EndProject
Project("{2150E333-8FDC-42A3-9474-1A3956D46DE8}") = "Orchestrator", "Orchestrator", "{63792A54-5BD2-4188-A777-92BE59E6C678}"
EndProject
Project("{9A19103F-16F7-4668-BE54-9A1E7A4F7556}") = "4Lab.WebApi", "src\4Lab.WebApi\4Lab.WebApi.csproj", "{FE6C59C4-1711-45CB-8E10-61E7BD4483E0}"
EndProject
Project("{9A19103F-16F7-4668-BE54-9A1E7A4F7556}") = "4Lab.Administration.Domain", "src\4Lab.Administration.Domain\4Lab.Administration.Domain.csproj", "{1B1D1259-D357-4C48-83CD-E78622FA3239}"
EndProject
Project("{9A19103F-16F7-4668-BE54-9A1E7A4F7556}") = "4Lab.Administration.Data", "src\4Lab.Administration.Data\4Lab.Administration.Data.csproj", "{712FC63C-ED1A-404A-B64A-A9C61391A8EB}"
EndProject
Project("{9A19103F-16F7-4668-BE54-9A1E7A4F7556}") = "4Lab.Administration.Application", "src\4Lab.Administration.Application\4Lab.Administration.Application.csproj", "{6E1058C9-009A-4E3F-A995-10BB5DA3B429}"
EndProject
Project("{9A19103F-16F7-4668-BE54-9A1E7A4F7556}") = "4Lab.Core", "src\4Lab.Core\4Lab.Core.csproj", "{7C18A206-DD83-4A01-8E66-96449B34CBB4}"
EndProject
Project("{9A19103F-16F7-4668-BE54-9A1E7A4F7556}") = "4Lab.CrossCutting", "src\4Lab.CrossCutting\4Lab.CrossCutting.csproj", "{97D41006-5433-4562-80F8-3A508DE11C22}"
EndProject
Project("{9A19103F-16F7-4668-BE54-9A1E7A4F7556}") = "4Lab.Infrastructure.Authorization", "src\4Lab.Infrastructure.Authorization\4Lab.Infrastructure.Authorization.csproj", "{1106112E-110C-4996-983D-CA2CC6A54BBA}"
EndProject
Project("{9A19103F-16F7-4668-BE54-9A1E7A4F7556}") = "4Lab.Infrastructure.Smtp", "src\4Lab.Infrastructure.Smtp\4Lab.Infrastructure.Smtp.csproj", "{63D3EA84-4163-40B1-BAD9-66F5283A5DC6}"
EndProject
Project("{9A19103F-16F7-4668-BE54-9A1E7A4F7556}") = "4Lab.Infrastructure.Storage", "src\4Lab.Infrastructure.Storage\4Lab.Infrastructure.Storage.csproj", "{E50E343A-95BB-472A-A445-181F33B09AE8}"
EndProject
Project("{9A19103F-16F7-4668-BE54-9A1E7A4F7556}") = "4Lab.Infrastructure.Charts", "src\4Lab.Infrastructure.Charts\4Lab.Infrastructure.Charts.csproj", "{50EDE251-B761-4656-8339-53A757C2F866}"
EndProject
Project("{9A19103F-16F7-4668-BE54-9A1E7A4F7556}") = "4Lab.Archives.Domain", "src\4Lab.Archives.Domain\4Lab.Archives.Domain.csproj", "{5978589B-4F6B-4079-A091-DFBBD4B165B9}"
EndProject
Project("{9A19103F-16F7-4668-BE54-9A1E7A4F7556}") = "4Lab.Archives.Data", "src\4Lab.Archives.Data\4Lab.Archives.Data.csproj", "{FA66C4EF-FCBA-4DB0-89F6-22C95F35B663}"
EndProject
Project("{9A19103F-16F7-4668-BE54-9A1E7A4F7556}") = "4Lab.Archives.Application", "src\4Lab.Archives.Application\4Lab.Archives.Application.csproj", "{BB3AF17D-F3B9-4F43-9948-59614F9ADA5A}"
EndProject
Project("{9A19103F-16F7-4668-BE54-9A1E7A4F7556}") = "4Lab.Orchestrator", "src\4Lab.Orchestrator\4Lab.Orchestrator.csproj", "{ED3E7B10-C7C9-4F0B-A365-55E9D617DCE5}"
EndProject
Project("{9A19103F-16F7-4668-BE54-9A1E7A4F7556}") = "4Lab.Infrastructure.Render", "src\4Lab.Infrastructure.Render\4Lab.Infrastructure.Render.csproj", "{4C9F3630-8189-4C9C-91F2-EA1E6A36B435}"
EndProject
Project("{9A19103F-16F7-4668-BE54-9A1E7A4F7556}") = "4Lab.Occurrences.Application", "src\4Lab.Occurrences.Application\4Lab.Occurrences.Application.csproj", "{219550D4-268C-4922-B9AE-D2EED498801D}"
EndProject
Project("{9A19103F-16F7-4668-BE54-9A1E7A4F7556}") = "4Lab.Occurrences.Data", "src\4Lab.Occurrences.Data\4Lab.Occurrences.Data.csproj", "{89B83382-1BB8-47B4-953D-D0CB1EDA8EC3}"
EndProject
Project("{9A19103F-16F7-4668-BE54-9A1E7A4F7556}") = "4Lab.Occurrences.Domain", "src\4Lab.Occurrences.Domain\4Lab.Occurrences.Domain.csproj", "{6431531F-9BED-479A-B044-E10F50A9900C}"
EndProject
Global
	GlobalSection(SolutionConfigurationPlatforms) = preSolution
		Debug|Any CPU = Debug|Any CPU
		Release|Any CPU = Release|Any CPU
	EndGlobalSection
	GlobalSection(ProjectConfigurationPlatforms) = postSolution
		{FE6C59C4-1711-45CB-8E10-61E7BD4483E0}.Debug|Any CPU.ActiveCfg = Debug|Any CPU
		{FE6C59C4-1711-45CB-8E10-61E7BD4483E0}.Debug|Any CPU.Build.0 = Debug|Any CPU
		{FE6C59C4-1711-45CB-8E10-61E7BD4483E0}.Release|Any CPU.ActiveCfg = Release|Any CPU
		{FE6C59C4-1711-45CB-8E10-61E7BD4483E0}.Release|Any CPU.Build.0 = Release|Any CPU
		{1B1D1259-D357-4C48-83CD-E78622FA3239}.Debug|Any CPU.ActiveCfg = Debug|Any CPU
		{1B1D1259-D357-4C48-83CD-E78622FA3239}.Debug|Any CPU.Build.0 = Debug|Any CPU
		{1B1D1259-D357-4C48-83CD-E78622FA3239}.Release|Any CPU.ActiveCfg = Release|Any CPU
		{1B1D1259-D357-4C48-83CD-E78622FA3239}.Release|Any CPU.Build.0 = Release|Any CPU
		{712FC63C-ED1A-404A-B64A-A9C61391A8EB}.Debug|Any CPU.ActiveCfg = Debug|Any CPU
		{712FC63C-ED1A-404A-B64A-A9C61391A8EB}.Debug|Any CPU.Build.0 = Debug|Any CPU
		{712FC63C-ED1A-404A-B64A-A9C61391A8EB}.Release|Any CPU.ActiveCfg = Release|Any CPU
		{712FC63C-ED1A-404A-B64A-A9C61391A8EB}.Release|Any CPU.Build.0 = Release|Any CPU
		{6E1058C9-009A-4E3F-A995-10BB5DA3B429}.Debug|Any CPU.ActiveCfg = Debug|Any CPU
		{6E1058C9-009A-4E3F-A995-10BB5DA3B429}.Debug|Any CPU.Build.0 = Debug|Any CPU
		{6E1058C9-009A-4E3F-A995-10BB5DA3B429}.Release|Any CPU.ActiveCfg = Release|Any CPU
		{6E1058C9-009A-4E3F-A995-10BB5DA3B429}.Release|Any CPU.Build.0 = Release|Any CPU
		{7C18A206-DD83-4A01-8E66-96449B34CBB4}.Debug|Any CPU.ActiveCfg = Debug|Any CPU
		{7C18A206-DD83-4A01-8E66-96449B34CBB4}.Debug|Any CPU.Build.0 = Debug|Any CPU
		{7C18A206-DD83-4A01-8E66-96449B34CBB4}.Release|Any CPU.ActiveCfg = Release|Any CPU
		{7C18A206-DD83-4A01-8E66-96449B34CBB4}.Release|Any CPU.Build.0 = Release|Any CPU
		{97D41006-5433-4562-80F8-3A508DE11C22}.Debug|Any CPU.ActiveCfg = Debug|Any CPU
		{97D41006-5433-4562-80F8-3A508DE11C22}.Debug|Any CPU.Build.0 = Debug|Any CPU
		{97D41006-5433-4562-80F8-3A508DE11C22}.Release|Any CPU.ActiveCfg = Release|Any CPU
		{97D41006-5433-4562-80F8-3A508DE11C22}.Release|Any CPU.Build.0 = Release|Any CPU
		{1106112E-110C-4996-983D-CA2CC6A54BBA}.Debug|Any CPU.ActiveCfg = Debug|Any CPU
		{1106112E-110C-4996-983D-CA2CC6A54BBA}.Debug|Any CPU.Build.0 = Debug|Any CPU
		{1106112E-110C-4996-983D-CA2CC6A54BBA}.Release|Any CPU.ActiveCfg = Release|Any CPU
		{1106112E-110C-4996-983D-CA2CC6A54BBA}.Release|Any CPU.Build.0 = Release|Any CPU
		{63D3EA84-4163-40B1-BAD9-66F5283A5DC6}.Debug|Any CPU.ActiveCfg = Debug|Any CPU
		{63D3EA84-4163-40B1-BAD9-66F5283A5DC6}.Debug|Any CPU.Build.0 = Debug|Any CPU
		{63D3EA84-4163-40B1-BAD9-66F5283A5DC6}.Release|Any CPU.ActiveCfg = Release|Any CPU
		{63D3EA84-4163-40B1-BAD9-66F5283A5DC6}.Release|Any CPU.Build.0 = Release|Any CPU
		{E50E343A-95BB-472A-A445-181F33B09AE8}.Debug|Any CPU.ActiveCfg = Debug|Any CPU
		{E50E343A-95BB-472A-A445-181F33B09AE8}.Debug|Any CPU.Build.0 = Debug|Any CPU
		{E50E343A-95BB-472A-A445-181F33B09AE8}.Release|Any CPU.ActiveCfg = Release|Any CPU
		{E50E343A-95BB-472A-A445-181F33B09AE8}.Release|Any CPU.Build.0 = Release|Any CPU
		{50EDE251-B761-4656-8339-53A757C2F866}.Debug|Any CPU.ActiveCfg = Debug|Any CPU
		{50EDE251-B761-4656-8339-53A757C2F866}.Debug|Any CPU.Build.0 = Debug|Any CPU
		{50EDE251-B761-4656-8339-53A757C2F866}.Release|Any CPU.ActiveCfg = Release|Any CPU
		{50EDE251-B761-4656-8339-53A757C2F866}.Release|Any CPU.Build.0 = Release|Any CPU
		{5978589B-4F6B-4079-A091-DFBBD4B165B9}.Debug|Any CPU.ActiveCfg = Debug|Any CPU
		{5978589B-4F6B-4079-A091-DFBBD4B165B9}.Debug|Any CPU.Build.0 = Debug|Any CPU
		{5978589B-4F6B-4079-A091-DFBBD4B165B9}.Release|Any CPU.ActiveCfg = Release|Any CPU
		{5978589B-4F6B-4079-A091-DFBBD4B165B9}.Release|Any CPU.Build.0 = Release|Any CPU
		{FA66C4EF-FCBA-4DB0-89F6-22C95F35B663}.Debug|Any CPU.ActiveCfg = Debug|Any CPU
		{FA66C4EF-FCBA-4DB0-89F6-22C95F35B663}.Debug|Any CPU.Build.0 = Debug|Any CPU
		{FA66C4EF-FCBA-4DB0-89F6-22C95F35B663}.Release|Any CPU.ActiveCfg = Release|Any CPU
		{FA66C4EF-FCBA-4DB0-89F6-22C95F35B663}.Release|Any CPU.Build.0 = Release|Any CPU
		{BB3AF17D-F3B9-4F43-9948-59614F9ADA5A}.Debug|Any CPU.ActiveCfg = Debug|Any CPU
		{BB3AF17D-F3B9-4F43-9948-59614F9ADA5A}.Debug|Any CPU.Build.0 = Debug|Any CPU
		{BB3AF17D-F3B9-4F43-9948-59614F9ADA5A}.Release|Any CPU.ActiveCfg = Release|Any CPU
		{BB3AF17D-F3B9-4F43-9948-59614F9ADA5A}.Release|Any CPU.Build.0 = Release|Any CPU
		{ED3E7B10-C7C9-4F0B-A365-55E9D617DCE5}.Debug|Any CPU.ActiveCfg = Debug|Any CPU
		{ED3E7B10-C7C9-4F0B-A365-55E9D617DCE5}.Debug|Any CPU.Build.0 = Debug|Any CPU
		{ED3E7B10-C7C9-4F0B-A365-55E9D617DCE5}.Release|Any CPU.ActiveCfg = Release|Any CPU
		{ED3E7B10-C7C9-4F0B-A365-55E9D617DCE5}.Release|Any CPU.Build.0 = Release|Any CPU
		{4C9F3630-8189-4C9C-91F2-EA1E6A36B435}.Debug|Any CPU.ActiveCfg = Debug|Any CPU
		{4C9F3630-8189-4C9C-91F2-EA1E6A36B435}.Debug|Any CPU.Build.0 = Debug|Any CPU
		{4C9F3630-8189-4C9C-91F2-EA1E6A36B435}.Release|Any CPU.ActiveCfg = Release|Any CPU
		{4C9F3630-8189-4C9C-91F2-EA1E6A36B435}.Release|Any CPU.Build.0 = Release|Any CPU
		{219550D4-268C-4922-B9AE-D2EED498801D}.Debug|Any CPU.ActiveCfg = Debug|Any CPU
		{219550D4-268C-4922-B9AE-D2EED498801D}.Debug|Any CPU.Build.0 = Debug|Any CPU
		{219550D4-268C-4922-B9AE-D2EED498801D}.Release|Any CPU.ActiveCfg = Release|Any CPU
		{219550D4-268C-4922-B9AE-D2EED498801D}.Release|Any CPU.Build.0 = Release|Any CPU
		{89B83382-1BB8-47B4-953D-D0CB1EDA8EC3}.Debug|Any CPU.ActiveCfg = Debug|Any CPU
		{89B83382-1BB8-47B4-953D-D0CB1EDA8EC3}.Debug|Any CPU.Build.0 = Debug|Any CPU
		{89B83382-1BB8-47B4-953D-D0CB1EDA8EC3}.Release|Any CPU.ActiveCfg = Release|Any CPU
		{89B83382-1BB8-47B4-953D-D0CB1EDA8EC3}.Release|Any CPU.Build.0 = Release|Any CPU
		{6431531F-9BED-479A-B044-E10F50A9900C}.Debug|Any CPU.ActiveCfg = Debug|Any CPU
		{6431531F-9BED-479A-B044-E10F50A9900C}.Debug|Any CPU.Build.0 = Debug|Any CPU
		{6431531F-9BED-479A-B044-E10F50A9900C}.Release|Any CPU.ActiveCfg = Release|Any CPU
		{6431531F-9BED-479A-B044-E10F50A9900C}.Release|Any CPU.Build.0 = Release|Any CPU
	EndGlobalSection
	GlobalSection(SolutionProperties) = preSolution
		HideSolutionNode = FALSE
	EndGlobalSection
	GlobalSection(NestedProjects) = preSolution
		{37EDF0CA-9670-4A9E-8228-E14B48872EED} = {AF7C61CA-D57F-4427-9510-8E1DF7F0B164}
		{DC5C135E-A7C0-485F-82A2-02C2E70F67EE} = {AF7C61CA-D57F-4427-9510-8E1DF7F0B164}
		{E917BB90-C238-4895-BE04-DE338171A032} = {AF7C61CA-D57F-4427-9510-8E1DF7F0B164}
		{D7C4A7D7-44EE-4D8C-AB2C-C395CFE1D55B} = {AF7C61CA-D57F-4427-9510-8E1DF7F0B164}
		{B0A641BF-E1D0-45DB-B836-D36DF010AE46} = {AF7C61CA-D57F-4427-9510-8E1DF7F0B164}
		{7CB8F5A8-5578-4CAC-9269-14490696A947} = {AF7C61CA-D57F-4427-9510-8E1DF7F0B164}
		{2E9E3066-DEE5-4A16-8980-AFB9635B261B} = {AF7C61CA-D57F-4427-9510-8E1DF7F0B164}
		{FE6C59C4-1711-45CB-8E10-61E7BD4483E0} = {D7FCCC44-92F7-412F-BCDC-864ABDD0C118}
		{1B1D1259-D357-4C48-83CD-E78622FA3239} = {37EDF0CA-9670-4A9E-8228-E14B48872EED}
		{712FC63C-ED1A-404A-B64A-A9C61391A8EB} = {37EDF0CA-9670-4A9E-8228-E14B48872EED}
		{6E1058C9-009A-4E3F-A995-10BB5DA3B429} = {37EDF0CA-9670-4A9E-8228-E14B48872EED}
		{7C18A206-DD83-4A01-8E66-96449B34CBB4} = {E917BB90-C238-4895-BE04-DE338171A032}
		{97D41006-5433-4562-80F8-3A508DE11C22} = {B0A641BF-E1D0-45DB-B836-D36DF010AE46}
		{1106112E-110C-4996-983D-CA2CC6A54BBA} = {D7C4A7D7-44EE-4D8C-AB2C-C395CFE1D55B}
		{63D3EA84-4163-40B1-BAD9-66F5283A5DC6} = {D7C4A7D7-44EE-4D8C-AB2C-C395CFE1D55B}
		{E50E343A-95BB-472A-A445-181F33B09AE8} = {D7C4A7D7-44EE-4D8C-AB2C-C395CFE1D55B}
		{50EDE251-B761-4656-8339-53A757C2F866} = {D7C4A7D7-44EE-4D8C-AB2C-C395CFE1D55B}
		{5978589B-4F6B-4079-A091-DFBBD4B165B9} = {2E9E3066-DEE5-4A16-8980-AFB9635B261B}
		{FA66C4EF-FCBA-4DB0-89F6-22C95F35B663} = {2E9E3066-DEE5-4A16-8980-AFB9635B261B}
		{BB3AF17D-F3B9-4F43-9948-59614F9ADA5A} = {2E9E3066-DEE5-4A16-8980-AFB9635B261B}
		{ED3E7B10-C7C9-4F0B-A365-55E9D617DCE5} = {63792A54-5BD2-4188-A777-92BE59E6C678}
		{4C9F3630-8189-4C9C-91F2-EA1E6A36B435} = {D7C4A7D7-44EE-4D8C-AB2C-C395CFE1D55B}
		{219550D4-268C-4922-B9AE-D2EED498801D} = {DC5C135E-A7C0-485F-82A2-02C2E70F67EE}
		{89B83382-1BB8-47B4-953D-D0CB1EDA8EC3} = {DC5C135E-A7C0-485F-82A2-02C2E70F67EE}
		{6431531F-9BED-479A-B044-E10F50A9900C} = {DC5C135E-A7C0-485F-82A2-02C2E70F67EE}
	EndGlobalSection
	GlobalSection(ExtensibilityGlobals) = postSolution
		SolutionGuid = {5AD169FC-33D8-463D-BEFA-7605375AF9B7}
	EndGlobalSection
EndGlobal
